// !$*UTF8*$!
{
	archiveVersion = 1;
	classes = {
	};
	objectVersion = 48;
	objects = {

/* Begin PBXBuildFile section */
		9E4BC29B2012D1DD007F2BCD /* AppDelegate.swift in Sources */ = {isa = PBXBuildFile; fileRef = 9E4BC29A2012D1DD007F2BCD /* AppDelegate.swift */; };
		9E4BC29D2012D1DD007F2BCD /* art.scnassets in Resources */ = {isa = PBXBuildFile; fileRef = 9E4BC29C2012D1DD007F2BCD /* art.scnassets */; };
		9E4BC29F2012D1DD007F2BCD /* ViewController.swift in Sources */ = {isa = PBXBuildFile; fileRef = 9E4BC29E2012D1DD007F2BCD /* ViewController.swift */; };
		9E4BC2A22012D1DD007F2BCD /* Main.storyboard in Resources */ = {isa = PBXBuildFile; fileRef = 9E4BC2A02012D1DD007F2BCD /* Main.storyboard */; };
		9E4BC2A42012D1DD007F2BCD /* Assets.xcassets in Resources */ = {isa = PBXBuildFile; fileRef = 9E4BC2A32012D1DD007F2BCD /* Assets.xcassets */; };
		9E4BC2A72012D1DD007F2BCD /* LaunchScreen.storyboard in Resources */ = {isa = PBXBuildFile; fileRef = 9E4BC2A52012D1DD007F2BCD /* LaunchScreen.storyboard */; };
/* End PBXBuildFile section */

/* Begin PBXFileReference section */
		9E4BC2972012D1DD007F2BCD /* ARdiece.app */ = {isa = PBXFileReference; explicitFileType = wrapper.application; includeInIndex = 0; path = ARdiece.app; sourceTree = BUILT_PRODUCTS_DIR; };
		9E4BC29A2012D1DD007F2BCD /* AppDelegate.swift */ = {isa = PBXFileReference; lastKnownFileType = sourcecode.swift; path = AppDelegate.swift; sourceTree = "<group>"; };
		9E4BC29C2012D1DD007F2BCD /* art.scnassets */ = {isa = PBXFileReference; lastKnownFileType = wrapper.scnassets; path = art.scnassets; sourceTree = "<group>"; };
		9E4BC29E2012D1DD007F2BCD /* ViewController.swift */ = {isa = PBXFileReference; lastKnownFileType = sourcecode.swift; path = ViewController.swift; sourceTree = "<group>"; };
		9E4BC2A12012D1DD007F2BCD /* Base */ = {isa = PBXFileReference; lastKnownFileType = file.storyboard; name = Base; path = Base.lproj/Main.storyboard; sourceTree = "<group>"; };
		9E4BC2A32012D1DD007F2BCD /* Assets.xcassets */ = {isa = PBXFileReference; lastKnownFileType = folder.assetcatalog; path = Assets.xcassets; sourceTree = "<group>"; };
		9E4BC2A62012D1DD007F2BCD /* Base */ = {isa = PBXFileReference; lastKnownFileType = file.storyboard; name = Base; path = Base.lproj/LaunchScreen.storyboard; sourceTree = "<group>"; };
		9E4BC2A82012D1DD007F2BCD /* Info.plist */ = {isa = PBXFileReference; lastKnownFileType = text.plist.xml; path = Info.plist; sourceTree = "<group>"; };
/* End PBXFileReference section */

/* Begin PBXFrameworksBuildPhase section */
		9E4BC2942012D1DD007F2BCD /* Frameworks */ = {
			isa = PBXFrameworksBuildPhase;
			buildActionMask = 2147483647;
			files = (
			);
			runOnlyForDeploymentPostprocessing = 0;
		};
/* End PBXFrameworksBuildPhase section */

/* Begin PBXGroup section */
		9E4BC28E2012D1DD007F2BCD = {
			isa = PBXGroup;
			children = (
				9E4BC2992012D1DD007F2BCD /* ARdiece */,
				9E4BC2982012D1DD007F2BCD /* Products */,
			);
			sourceTree = "<group>";
		};
		9E4BC2982012D1DD007F2BCD /* Products */ = {
			isa = PBXGroup;
			children = (
				9E4BC2972012D1DD007F2BCD /* ARdiece.app */,
			);
			name = Products;
			sourceTree = "<group>";
		};
		9E4BC2992012D1DD007F2BCD /* ARdiece */ = {
			isa = PBXGroup;
			children = (
				9E4BC29A2012D1DD007F2BCD /* AppDelegate.swift */,
				9E4BC29E2012D1DD007F2BCD /* ViewController.swift */,
				9E4BC2A02012D1DD007F2BCD /* Main.storyboard */,
				9E4BC29C2012D1DD007F2BCD /* art.scnassets */,
				9E4BC2A32012D1DD007F2BCD /* Assets.xcassets */,
				9E4BC2A52012D1DD007F2BCD /* LaunchScreen.storyboard */,
				9E4BC2A82012D1DD007F2BCD /* Info.plist */,
			);
			path = ARdiece;
			sourceTree = "<group>";
		};
/* End PBXGroup section */

/* Begin PBXNativeTarget section */
		9E4BC2962012D1DD007F2BCD /* ARdiece */ = {
			isa = PBXNativeTarget;
			buildConfigurationList = 9E4BC2AB2012D1DD007F2BCD /* Build configuration list for PBXNativeTarget "ARdiece" */;
			buildPhases = (
				9E4BC2932012D1DD007F2BCD /* Sources */,
				9E4BC2942012D1DD007F2BCD /* Frameworks */,
				9E4BC2952012D1DD007F2BCD /* Resources */,
			);
			buildRules = (
			);
			dependencies = (
			);
			name = ARdiece;
			productName = ARdiece;
			productReference = 9E4BC2972012D1DD007F2BCD /* ARdiece.app */;
			productType = "com.apple.product-type.application";
		};
/* End PBXNativeTarget section */

/* Begin PBXProject section */
		9E4BC28F2012D1DD007F2BCD /* Project object */ = {
			isa = PBXProject;
			attributes = {
				LastSwiftUpdateCheck = 0920;
				LastUpgradeCheck = 0920;
				ORGANIZATIONNAME = Kajal;
				TargetAttributes = {
					9E4BC2962012D1DD007F2BCD = {
						CreatedOnToolsVersion = 9.2;
						ProvisioningStyle = Automatic;
					};
				};
			};
			buildConfigurationList = 9E4BC2922012D1DD007F2BCD /* Build configuration list for PBXProject "ARdiece" */;
			compatibilityVersion = "Xcode 8.0";
			developmentRegion = en;
			hasScannedForEncodings = 0;
			knownRegions = (
				en,
				Base,
			);
			mainGroup = 9E4BC28E2012D1DD007F2BCD;
			productRefGroup = 9E4BC2982012D1DD007F2BCD /* Products */;
			projectDirPath = "";
			projectRoot = "";
			targets = (
				9E4BC2962012D1DD007F2BCD /* ARdiece */,
			);
		};
/* End PBXProject section */

/* Begin PBXResourcesBuildPhase section */
		9E4BC2952012D1DD007F2BCD /* Resources */ = {
			isa = PBXResourcesBuildPhase;
			buildActionMask = 2147483647;
			files = (
				9E4BC29D2012D1DD007F2BCD /* art.scnassets in Resources */,
				9E4BC2A72012D1DD007F2BCD /* LaunchScreen.storyboard in Resources */,
				9E4BC2A42012D1DD007F2BCD /* Assets.xcassets in Resources */,
				9E4BC2A22012D1DD007F2BCD /* Main.storyboard in Resources */,
			);
			runOnlyForDeploymentPostprocessing = 0;
		};
/* End PBXResourcesBuildPhase section */

/* Begin PBXSourcesBuildPhase section */
		9E4BC2932012D1DD007F2BCD /* Sources */ = {
			isa = PBXSourcesBuildPhase;
			buildActionMask = 2147483647;
			files = (
				9E4BC29F2012D1DD007F2BCD /* ViewController.swift in Sources */,
				9E4BC29B2012D1DD007F2BCD /* AppDelegate.swift in Sources */,
			);
			runOnlyForDeploymentPostprocessing = 0;
		};
/* End PBXSourcesBuildPhase section */

/* Begin PBXVariantGroup section */
		9E4BC2A02012D1DD007F2BCD /* Main.storyboard */ = {
			isa = PBXVariantGroup;
			children = (
				9E4BC2A12012D1DD007F2BCD /* Base */,
			);
			name = Main.storyboard;
			sourceTree = "<group>";
		};
		9E4BC2A52012D1DD007F2BCD /* LaunchScreen.storyboard */ = {
			isa = PBXVariantGroup;
			children = (
				9E4BC2A62012D1DD007F2BCD /* Base */,
			);
			name = LaunchScreen.storyboard;
			sourceTree = "<group>";
		};
/* End PBXVariantGroup section */

/* Begin XCBuildConfiguration section */
		9E4BC2A92012D1DD007F2BCD /* Debug */ = {
			isa = XCBuildConfiguration;
			buildSettings = {
				ALWAYS_SEARCH_USER_PATHS = NO;
				CLANG_ANALYZER_NONNULL = YES;
				CLANG_ANALYZER_NUMBER_OBJECT_CONVERSION = YES_AGGRESSIVE;
				CLANG_CXX_LANGUAGE_STANDARD = "gnu++14";
				CLANG_CXX_LIBRARY = "libc++";
				CLANG_ENABLE_MODULES = YES;
				CLANG_ENABLE_OBJC_ARC = YES;
				CLANG_WARN_BLOCK_CAPTURE_AUTORELEASING = YES;
				CLANG_WARN_BOOL_CONVERSION = YES;
				CLANG_WARN_COMMA = YES;
				CLANG_WARN_CONSTANT_CONVERSION = YES;
				CLANG_WARN_DIRECT_OBJC_ISA_USAGE = YES_ERROR;
				CLANG_WARN_DOCUMENTATION_COMMENTS = YES;
				CLANG_WARN_EMPTY_BODY = YES;
				CLANG_WARN_ENUM_CONVERSION = YES;
				CLANG_WARN_INFINITE_RECURSION = YES;
				CLANG_WARN_INT_CONVERSION = YES;
				CLANG_WARN_NON_LITERAL_NULL_CONVERSION = YES;
				CLANG_WARN_OBJC_LITERAL_CONVERSION = YES;
				CLANG_WARN_OBJC_ROOT_CLASS = YES_ERROR;
				CLANG_WARN_RANGE_LOOP_ANALYSIS = YES;
				CLANG_WARN_STRICT_PROTOTYPES = YES;
				CLANG_WARN_SUSPICIOUS_MOVE = YES;
				CLANG_WARN_UNGUARDED_AVAILABILITY = YES_AGGRESSIVE;
				CLANG_WARN_UNREACHABLE_CODE = YES;
				CLANG_WARN__DUPLICATE_METHOD_MATCH = YES;
				CODE_SIGN_IDENTITY = "iPhone Developer";
				COPY_PHASE_STRIP = NO;
				DEBUG_INFORMATION_FORMAT = dwarf;
				ENABLE_STRICT_OBJC_MSGSEND = YES;
				ENABLE_TESTABILITY = YES;
				GCC_C_LANGUAGE_STANDARD = gnu11;
				GCC_DYNAMIC_NO_PIC = NO;
				GCC_NO_COMMON_BLOCKS = YES;
				GCC_OPTIMIZATION_LEVEL = 0;
				GCC_PREPROCESSOR_DEFINITIONS = (
					"DEBUG=1",
					"$(inherited)",
				);
				GCC_WARN_64_TO_32_BIT_CONVERSION = YES;
				GCC_WARN_ABOUT_RETURN_TYPE = YES_ERROR;
				GCC_WARN_UNDECLARED_SELECTOR = YES;
				GCC_WARN_UNINITIALIZED_AUTOS = YES_AGGRESSIVE;
				GCC_WARN_UNUSED_FUNCTION = YES;
				GCC_WARN_UNUSED_VARIABLE = YES;
				IPHONEOS_DEPLOYMENT_TARGET = 11.2;
				MTL_ENABLE_DEBUG_INFO = YES;
				ONLY_ACTIVE_ARCH = YES;
				SDKROOT = iphoneos;
				SWIFT_ACTIVE_COMPILATION_CONDITIONS = DEBUG;
				SWIFT_OPTIMIZATION_LEVEL = "-Onone";
			};
			name = Debug;
		};
		9E4BC2AA2012D1DD007F2BCD /* Release */ = {
			isa = XCBuildConfiguration;
			buildSettings = {
				ALWAYS_SEARCH_USER_PATHS = NO;
				CLANG_ANALYZER_NONNULL = YES;
				CLANG_ANALYZER_NUMBER_OBJECT_CONVERSION = YES_AGGRESSIVE;
				CLANG_CXX_LANGUAGE_STANDARD = "gnu++14";
				CLANG_CXX_LIBRARY = "libc++";
				CLANG_ENABLE_MODULES = YES;
				CLANG_ENABLE_OBJC_ARC = YES;
				CLANG_WARN_BLOCK_CAPTURE_AUTORELEASING = YES;
				CLANG_WARN_BOOL_CONVERSION = YES;
				CLANG_WARN_COMMA = YES;
				CLANG_WARN_CONSTANT_CONVERSION = YES;
				CLANG_WARN_DIRECT_OBJC_ISA_USAGE = YES_ERROR;
				CLANG_WARN_DOCUMENTATION_COMMENTS = YES;
				CLANG_WARN_EMPTY_BODY = YES;
				CLANG_WARN_ENUM_CONVERSION = YES;
				CLANG_WARN_INFINITE_RECURSION = YES;
				CLANG_WARN_INT_CONVERSION = YES;
				CLANG_WARN_NON_LITERAL_NULL_CONVERSION = YES;
				CLANG_WARN_OBJC_LITERAL_CONVERSION = YES;
				CLANG_WARN_OBJC_ROOT_CLASS = YES_ERROR;
				CLANG_WARN_RANGE_LOOP_ANALYSIS = YES;
				CLANG_WARN_STRICT_PROTOTYPES = YES;
				CLANG_WARN_SUSPICIOUS_MOVE = YES;
				CLANG_WARN_UNGUARDED_AVAILABILITY = YES_AGGRESSIVE;
				CLANG_WARN_UNREACHABLE_CODE = YES;
				CLANG_WARN__DUPLICATE_METHOD_MATCH = YES;
				CODE_SIGN_IDENTITY = "iPhone Developer";
				COPY_PHASE_STRIP = NO;
				DEBUG_INFORMATION_FORMAT = "dwarf-with-dsym";
				ENABLE_NS_ASSERTIONS = NO;
				ENABLE_STRICT_OBJC_MSGSEND = YES;
				GCC_C_LANGUAGE_STANDARD = gnu11;
				GCC_NO_COMMON_BLOCKS = YES;
				GCC_WARN_64_TO_32_BIT_CONVERSION = YES;
				GCC_WARN_ABOUT_RETURN_TYPE = YES_ERROR;
				GCC_WARN_UNDECLARED_SELECTOR = YES;
				GCC_WARN_UNINITIALIZED_AUTOS = YES_AGGRESSIVE;
				GCC_WARN_UNUSED_FUNCTION = YES;
				GCC_WARN_UNUSED_VARIABLE = YES;
				IPHONEOS_DEPLOYMENT_TARGET = 11.2;
				MTL_ENABLE_DEBUG_INFO = NO;
				SDKROOT = iphoneos;
				SWIFT_OPTIMIZATION_LEVEL = "-Owholemodule";
				VALIDATE_PRODUCT = YES;
			};
			name = Release;
		};
		9E4BC2AC2012D1DD007F2BCD /* Debug */ = {
			isa = XCBuildConfiguration;
			buildSettings = {
				ASSETCATALOG_COMPILER_APPICON_NAME = AppIcon;
				CODE_SIGN_STYLE = Automatic;
				DEVELOPMENT_TEAM = 34N4B6XLAQ;
				INFOPLIST_FILE = ARdiece/Info.plist;
				LD_RUNPATH_SEARCH_PATHS = "$(inherited) @executable_path/Frameworks";
				PRODUCT_BUNDLE_IDENTIFIER = demo.kajal.ARdiece;
				PRODUCT_NAME = "$(TARGET_NAME)";
				SWIFT_VERSION = 4.0;
				TARGETED_DEVICE_FAMILY = "1,2";
			};
			name = Debug;
		};
		9E4BC2AD2012D1DD007F2BCD /* Release */ = {
			isa = XCBuildConfiguration;
			buildSettings = {
				ASSETCATALOG_COMPILER_APPICON_NAME = AppIcon;
				CODE_SIGN_STYLE = Automatic;
				DEVELOPMENT_TEAM = 34N4B6XLAQ;
				INFOPLIST_FILE = ARdiece/Info.plist;
				LD_RUNPATH_SEARCH_PATHS = "$(inherited) @executable_path/Frameworks";
				PRODUCT_BUNDLE_IDENTIFIER = demo.kajal.ARdiece;
				PRODUCT_NAME = "$(TARGET_NAME)";
				SWIFT_VERSION = 4.0;
				TARGETED_DEVICE_FAMILY = "1,2";
			};
			name = Release;
		};
/* End XCBuildConfiguration section */

/* Begin XCConfigurationList section */
		9E4BC2922012D1DD007F2BCD /* Build configuration list for PBXProject "ARdiece" */ = {
			isa = XCConfigurationList;
			buildConfigurations = (
				9E4BC2A92012D1DD007F2BCD /* Debug */,
				9E4BC2AA2012D1DD007F2BCD /* Release */,
			);
			defaultConfigurationIsVisible = 0;
			defaultConfigurationName = Release;
		};
		9E4BC2AB2012D1DD007F2BCD /* Build configuration list for PBXNativeTarget "ARdiece" */ = {
			isa = XCConfigurationList;
			buildConfigurations = (
				9E4BC2AC2012D1DD007F2BCD /* Debug */,
				9E4BC2AD2012D1DD007F2BCD /* Release */,
			);
			defaultConfigurationIsVisible = 0;
			defaultConfigurationName = Release;
		};
/* End XCConfigurationList section */
	};
	rootObject = 9E4BC28F2012D1DD007F2BCD /* Project object */;
}
